Microsoft Visual Studio Solution File, Format Version 12.00
# Visual Studio Version 17
VisualStudioVersion = 17.5.2.0
MinimumVisualStudioVersion = 10.0.40219.1
Project("{FAE04EC0-301F-11D3-BF4B-00C04F79EFBC}") = "cw3_arrays", "cw3_arrays.csproj", "{B7ABBD98-1951-11D2-2C8C-C944A0021786}"
EndProject
Global
	GlobalSection(SolutionConfigurationPlatforms) = preSolution
		Debug|Any CPU = Debug|Any CPU
		Release|Any CPU = Release|Any CPU
	EndGlobalSection
	GlobalSection(ProjectConfigurationPlatforms) = postSolution
		{B7ABBD98-1951-11D2-2C8C-C944A0021786}.Debug|Any CPU.ActiveCfg = Debug|Any CPU
		{B7ABBD98-1951-11D2-2C8C-C944A0021786}.Debug|Any CPU.Build.0 = Debug|Any CPU
		{B7ABBD98-1951-11D2-2C8C-C944A0021786}.Release|Any CPU.ActiveCfg = Release|Any CPU
		{B7ABBD98-1951-11D2-2C8C-C944A0021786}.Release|Any CPU.Build.0 = Release|Any CPU
	EndGlobalSection
	GlobalSection(SolutionProperties) = preSolution
		HideSolutionNode = FALSE
	EndGlobalSection
	GlobalSection(ExtensibilityGlobals) = postSolution
		SolutionGuid = {3C21D5B0-6160-4564-A62E-F61DA3100A32}
	EndGlobalSection
EndGlobal
