Microsoft Visual Studio Solution File, Format Version 12.00
# Visual Studio Version 17
VisualStudioVersion = 17.5.2.0
MinimumVisualStudioVersion = 10.0.40219.1
Project("{FAE04EC0-301F-11D3-BF4B-00C04F79EFBC}") = "cw10_api", "cw10_api.csproj", "{D0504CA5-64E7-312E-40DE-BC878CFB213B}"
EndProject
Global
	GlobalSection(SolutionConfigurationPlatforms) = preSolution
		Debug|Any CPU = Debug|Any CPU
		Release|Any CPU = Release|Any CPU
	EndGlobalSection
	GlobalSection(ProjectConfigurationPlatforms) = postSolution
		{D0504CA5-64E7-312E-40DE-BC878CFB213B}.Debug|Any CPU.ActiveCfg = Debug|Any CPU
		{D0504CA5-64E7-312E-40DE-BC878CFB213B}.Debug|Any CPU.Build.0 = Debug|Any CPU
		{D0504CA5-64E7-312E-40DE-BC878CFB213B}.Release|Any CPU.ActiveCfg = Release|Any CPU
		{D0504CA5-64E7-312E-40DE-BC878CFB213B}.Release|Any CPU.Build.0 = Release|Any CPU
	EndGlobalSection
	GlobalSection(SolutionProperties) = preSolution
		HideSolutionNode = FALSE
	EndGlobalSection
	GlobalSection(ExtensibilityGlobals) = postSolution
		SolutionGuid = {BE0C432D-2F68-4811-9DEE-1319B4CF4939}
	EndGlobalSection
EndGlobal
