Microsoft Visual Studio Solution File, Format Version 12.00
# Visual Studio Version 17
VisualStudioVersion = 17.5.2.0
MinimumVisualStudioVersion = 10.0.40219.1
Project("{FAE04EC0-301F-11D3-BF4B-00C04F79EFBC}") = "cw5_web", "cw5_web.csproj", "{6C3D63BB-BBA7-560A-7FBD-E0E8B02F6FAC}"
EndProject
Global
	GlobalSection(SolutionConfigurationPlatforms) = preSolution
		Debug|Any CPU = Debug|Any CPU
		Release|Any CPU = Release|Any CPU
	EndGlobalSection
	GlobalSection(ProjectConfigurationPlatforms) = postSolution
		{6C3D63BB-BBA7-560A-7FBD-E0E8B02F6FAC}.Debug|Any CPU.ActiveCfg = Debug|Any CPU
		{6C3D63BB-BBA7-560A-7FBD-E0E8B02F6FAC}.Debug|Any CPU.Build.0 = Debug|Any CPU
		{6C3D63BB-BBA7-560A-7FBD-E0E8B02F6FAC}.Release|Any CPU.ActiveCfg = Release|Any CPU
		{6C3D63BB-BBA7-560A-7FBD-E0E8B02F6FAC}.Release|Any CPU.Build.0 = Release|Any CPU
	EndGlobalSection
	GlobalSection(SolutionProperties) = preSolution
		HideSolutionNode = FALSE
	EndGlobalSection
	GlobalSection(ExtensibilityGlobals) = postSolution
		SolutionGuid = {BDB3AE28-C5CD-4382-A20D-FA9199C91475}
	EndGlobalSection
EndGlobal
