Microsoft Visual Studio Solution File, Format Version 12.00
# Visual Studio Version 17
VisualStudioVersion = 17.5.2.0
MinimumVisualStudioVersion = 10.0.40219.1
Project("{FAE04EC0-301F-11D3-BF4B-00C04F79EFBC}") = "pojazdy_sol", "pojazdy_sol.csproj", "{CA4A9138-AA36-39C4-114A-3EAF9A6632C5}"
EndProject
Global
	GlobalSection(SolutionConfigurationPlatforms) = preSolution
		Debug|Any CPU = Debug|Any CPU
		Release|Any CPU = Release|Any CPU
	EndGlobalSection
	GlobalSection(ProjectConfigurationPlatforms) = postSolution
		{CA4A9138-AA36-39C4-114A-3EAF9A6632C5}.Debug|Any CPU.ActiveCfg = Debug|Any CPU
		{CA4A9138-AA36-39C4-114A-3EAF9A6632C5}.Debug|Any CPU.Build.0 = Debug|Any CPU
		{CA4A9138-AA36-39C4-114A-3EAF9A6632C5}.Release|Any CPU.ActiveCfg = Release|Any CPU
		{CA4A9138-AA36-39C4-114A-3EAF9A6632C5}.Release|Any CPU.Build.0 = Release|Any CPU
	EndGlobalSection
	GlobalSection(SolutionProperties) = preSolution
		HideSolutionNode = FALSE
	EndGlobalSection
	GlobalSection(ExtensibilityGlobals) = postSolution
		SolutionGuid = {58D2B6D6-2FF3-4C33-AE42-F1E50E11BC1D}
	EndGlobalSection
EndGlobal
