Microsoft Visual Studio Solution File, Format Version 12.00
# Visual Studio Version 17
VisualStudioVersion = 17.5.2.0
MinimumVisualStudioVersion = 10.0.40219.1
Project("{FAE04EC0-301F-11D3-BF4B-00C04F79EFBC}") = "cw3_layout", "cw3_layout.csproj", "{FEFDBCBE-1E93-D89F-BA3A-E029767C601A}"
EndProject
Global
	GlobalSection(SolutionConfigurationPlatforms) = preSolution
		Debug|Any CPU = Debug|Any CPU
		Release|Any CPU = Release|Any CPU
	EndGlobalSection
	GlobalSection(ProjectConfigurationPlatforms) = postSolution
		{FEFDBCBE-1E93-D89F-BA3A-E029767C601A}.Debug|Any CPU.ActiveCfg = Debug|Any CPU
		{FEFDBCBE-1E93-D89F-BA3A-E029767C601A}.Debug|Any CPU.Build.0 = Debug|Any CPU
		{FEFDBCBE-1E93-D89F-BA3A-E029767C601A}.Release|Any CPU.ActiveCfg = Release|Any CPU
		{FEFDBCBE-1E93-D89F-BA3A-E029767C601A}.Release|Any CPU.Build.0 = Release|Any CPU
	EndGlobalSection
	GlobalSection(SolutionProperties) = preSolution
		HideSolutionNode = FALSE
	EndGlobalSection
	GlobalSection(ExtensibilityGlobals) = postSolution
		SolutionGuid = {4AA20E3B-2192-4AD7-BF64-553F9CA578DC}
	EndGlobalSection
EndGlobal
