Microsoft Visual Studio Solution File, Format Version 12.00
# Visual Studio Version 17
VisualStudioVersion = 17.5.2.0
MinimumVisualStudioVersion = 10.0.40219.1
Project("{FAE04EC0-301F-11D3-BF4B-00C04F79EFBC}") = "cw8_mysql", "cw8_mysql.csproj", "{6EFD6AC7-71ED-5944-051B-F43AB6615B53}"
EndProject
Global
	GlobalSection(SolutionConfigurationPlatforms) = preSolution
		Debug|Any CPU = Debug|Any CPU
		Release|Any CPU = Release|Any CPU
	EndGlobalSection
	GlobalSection(ProjectConfigurationPlatforms) = postSolution
		{6EFD6AC7-71ED-5944-051B-F43AB6615B53}.Debug|Any CPU.ActiveCfg = Debug|Any CPU
		{6EFD6AC7-71ED-5944-051B-F43AB6615B53}.Debug|Any CPU.Build.0 = Debug|Any CPU
		{6EFD6AC7-71ED-5944-051B-F43AB6615B53}.Release|Any CPU.ActiveCfg = Release|Any CPU
		{6EFD6AC7-71ED-5944-051B-F43AB6615B53}.Release|Any CPU.Build.0 = Release|Any CPU
	EndGlobalSection
	GlobalSection(SolutionProperties) = preSolution
		HideSolutionNode = FALSE
	EndGlobalSection
	GlobalSection(ExtensibilityGlobals) = postSolution
		SolutionGuid = {A21EC5EB-8204-4431-8522-226FF7488C5C}
	EndGlobalSection
EndGlobal
