Microsoft Visual Studio Solution File, Format Version 12.00
# Visual Studio Version 17
VisualStudioVersion = 17.5.2.0
MinimumVisualStudioVersion = 10.0.40219.1
Project("{FAE04EC0-301F-11D3-BF4B-00C04F79EFBC}") = "cw7_mvc_file", "cw7_mvc_file.csproj", "{AD1D5581-0057-22A2-B807-BFDAFE1C06A5}"
EndProject
Global
	GlobalSection(SolutionConfigurationPlatforms) = preSolution
		Debug|Any CPU = Debug|Any CPU
		Release|Any CPU = Release|Any CPU
	EndGlobalSection
	GlobalSection(ProjectConfigurationPlatforms) = postSolution
		{AD1D5581-0057-22A2-B807-BFDAFE1C06A5}.Debug|Any CPU.ActiveCfg = Debug|Any CPU
		{AD1D5581-0057-22A2-B807-BFDAFE1C06A5}.Debug|Any CPU.Build.0 = Debug|Any CPU
		{AD1D5581-0057-22A2-B807-BFDAFE1C06A5}.Release|Any CPU.ActiveCfg = Release|Any CPU
		{AD1D5581-0057-22A2-B807-BFDAFE1C06A5}.Release|Any CPU.Build.0 = Release|Any CPU
	EndGlobalSection
	GlobalSection(SolutionProperties) = preSolution
		HideSolutionNode = FALSE
	EndGlobalSection
	GlobalSection(ExtensibilityGlobals) = postSolution
		SolutionGuid = {B1D6905E-5065-4274-8501-1C7A06FE4BB1}
	EndGlobalSection
EndGlobal
