Microsoft Visual Studio Solution File, Format Version 12.00
# Visual Studio Version 17
VisualStudioVersion = 17.5.2.0
MinimumVisualStudioVersion = 10.0.40219.1
Project("{FAE04EC0-301F-11D3-BF4B-00C04F79EFBC}") = "cw7_mvc", "cw7_mvc.csproj", "{962B6072-C3D1-2EE0-91A6-13F1F9BF9A04}"
EndProject
Global
	GlobalSection(SolutionConfigurationPlatforms) = preSolution
		Debug|Any CPU = Debug|Any CPU
		Release|Any CPU = Release|Any CPU
	EndGlobalSection
	GlobalSection(ProjectConfigurationPlatforms) = postSolution
		{962B6072-C3D1-2EE0-91A6-13F1F9BF9A04}.Debug|Any CPU.ActiveCfg = Debug|Any CPU
		{962B6072-C3D1-2EE0-91A6-13F1F9BF9A04}.Debug|Any CPU.Build.0 = Debug|Any CPU
		{962B6072-C3D1-2EE0-91A6-13F1F9BF9A04}.Release|Any CPU.ActiveCfg = Release|Any CPU
		{962B6072-C3D1-2EE0-91A6-13F1F9BF9A04}.Release|Any CPU.Build.0 = Release|Any CPU
	EndGlobalSection
	GlobalSection(SolutionProperties) = preSolution
		HideSolutionNode = FALSE
	EndGlobalSection
	GlobalSection(ExtensibilityGlobals) = postSolution
		SolutionGuid = {4072EA43-DBDC-4497-9DD7-C701E13EE128}
	EndGlobalSection
EndGlobal
